
Microsoft Visual Studio Solution File, Format Version 12.00
# Visual Studio 2012
Project("{FAE04EC0-301F-11D3-BF4B-00C04F79EFBC}") = "OldMcDonaldsFarm.UI", "OldMcDonaldsFarm.UI\OldMcDonaldsFarm.UI.csproj", "{7B92C72B-6469-4A45-ADC8-D22C49189A14}"
EndProject
Project("{FAE04EC0-301F-11D3-BF4B-00C04F79EFBC}") = "OldMcDonaldsFarm.BL", "OldMcDonaldsFarm.BL\OldMcDonaldsFarm.BL.csproj", "{4E5FC798-4EDB-4648-A5E9-F9DA93942055}"
EndProject
Project("{FAE04EC0-301F-11D3-BF4B-00C04F79EFBC}") = "OldMcDonaldsFarm.DL", "OldMcDonaldsFarm.DL\OldMcDonaldsFarm.DL.csproj", "{18367BA4-D41A-4DAB-9A1C-90977F83BF78}"
EndProject
Project("{FAE04EC0-301F-11D3-BF4B-00C04F79EFBC}") = "OldMcDonaldsFarm.Interfaces", "OldMcDonaldsFarm.Interfaces\OldMcDonaldsFarm.Interfaces.csproj", "{3F8E25F6-766F-40CF-B423-D0A308E69AA3}"
EndProject
Global
	GlobalSection(SolutionConfigurationPlatforms) = preSolution
		Debug|Any CPU = Debug|Any CPU
		Debug|Mixed Platforms = Debug|Mixed Platforms
		Debug|x86 = Debug|x86
		Release|Any CPU = Release|Any CPU
		Release|Mixed Platforms = Release|Mixed Platforms
		Release|x86 = Release|x86
	EndGlobalSection
	GlobalSection(ProjectConfigurationPlatforms) = postSolution
		{7B92C72B-6469-4A45-ADC8-D22C49189A14}.Debug|Any CPU.ActiveCfg = Debug|x86
		{7B92C72B-6469-4A45-ADC8-D22C49189A14}.Debug|Mixed Platforms.ActiveCfg = Debug|x86
		{7B92C72B-6469-4A45-ADC8-D22C49189A14}.Debug|Mixed Platforms.Build.0 = Debug|x86
		{7B92C72B-6469-4A45-ADC8-D22C49189A14}.Debug|x86.ActiveCfg = Debug|x86
		{7B92C72B-6469-4A45-ADC8-D22C49189A14}.Debug|x86.Build.0 = Debug|x86
		{7B92C72B-6469-4A45-ADC8-D22C49189A14}.Release|Any CPU.ActiveCfg = Release|x86
		{7B92C72B-6469-4A45-ADC8-D22C49189A14}.Release|Mixed Platforms.ActiveCfg = Release|x86
		{7B92C72B-6469-4A45-ADC8-D22C49189A14}.Release|Mixed Platforms.Build.0 = Release|x86
		{7B92C72B-6469-4A45-ADC8-D22C49189A14}.Release|x86.ActiveCfg = Release|x86
		{7B92C72B-6469-4A45-ADC8-D22C49189A14}.Release|x86.Build.0 = Release|x86
		{4E5FC798-4EDB-4648-A5E9-F9DA93942055}.Debug|Any CPU.ActiveCfg = Debug|Any CPU
		{4E5FC798-4EDB-4648-A5E9-F9DA93942055}.Debug|Any CPU.Build.0 = Debug|Any CPU
		{4E5FC798-4EDB-4648-A5E9-F9DA93942055}.Debug|Mixed Platforms.ActiveCfg = Debug|Any CPU
		{4E5FC798-4EDB-4648-A5E9-F9DA93942055}.Debug|Mixed Platforms.Build.0 = Debug|Any CPU
		{4E5FC798-4EDB-4648-A5E9-F9DA93942055}.Debug|x86.ActiveCfg = Debug|Any CPU
		{4E5FC798-4EDB-4648-A5E9-F9DA93942055}.Release|Any CPU.ActiveCfg = Release|Any CPU
		{4E5FC798-4EDB-4648-A5E9-F9DA93942055}.Release|Any CPU.Build.0 = Release|Any CPU
		{4E5FC798-4EDB-4648-A5E9-F9DA93942055}.Release|Mixed Platforms.ActiveCfg = Release|Any CPU
		{4E5FC798-4EDB-4648-A5E9-F9DA93942055}.Release|Mixed Platforms.Build.0 = Release|Any CPU
		{4E5FC798-4EDB-4648-A5E9-F9DA93942055}.Release|x86.ActiveCfg = Release|Any CPU
		{18367BA4-D41A-4DAB-9A1C-90977F83BF78}.Debug|Any CPU.ActiveCfg = Debug|Any CPU
		{18367BA4-D41A-4DAB-9A1C-90977F83BF78}.Debug|Any CPU.Build.0 = Debug|Any CPU
		{18367BA4-D41A-4DAB-9A1C-90977F83BF78}.Debug|Mixed Platforms.ActiveCfg = Debug|Any CPU
		{18367BA4-D41A-4DAB-9A1C-90977F83BF78}.Debug|Mixed Platforms.Build.0 = Debug|Any CPU
		{18367BA4-D41A-4DAB-9A1C-90977F83BF78}.Debug|x86.ActiveCfg = Debug|Any CPU
		{18367BA4-D41A-4DAB-9A1C-90977F83BF78}.Release|Any CPU.ActiveCfg = Release|Any CPU
		{18367BA4-D41A-4DAB-9A1C-90977F83BF78}.Release|Any CPU.Build.0 = Release|Any CPU
		{18367BA4-D41A-4DAB-9A1C-90977F83BF78}.Release|Mixed Platforms.ActiveCfg = Release|Any CPU
		{18367BA4-D41A-4DAB-9A1C-90977F83BF78}.Release|Mixed Platforms.Build.0 = Release|Any CPU
		{18367BA4-D41A-4DAB-9A1C-90977F83BF78}.Release|x86.ActiveCfg = Release|Any CPU
		{3F8E25F6-766F-40CF-B423-D0A308E69AA3}.Debug|Any CPU.ActiveCfg = Debug|Any CPU
		{3F8E25F6-766F-40CF-B423-D0A308E69AA3}.Debug|Any CPU.Build.0 = Debug|Any CPU
		{3F8E25F6-766F-40CF-B423-D0A308E69AA3}.Debug|Mixed Platforms.ActiveCfg = Debug|Any CPU
		{3F8E25F6-766F-40CF-B423-D0A308E69AA3}.Debug|Mixed Platforms.Build.0 = Debug|Any CPU
		{3F8E25F6-766F-40CF-B423-D0A308E69AA3}.Debug|x86.ActiveCfg = Debug|Any CPU
		{3F8E25F6-766F-40CF-B423-D0A308E69AA3}.Release|Any CPU.ActiveCfg = Release|Any CPU
		{3F8E25F6-766F-40CF-B423-D0A308E69AA3}.Release|Any CPU.Build.0 = Release|Any CPU
		{3F8E25F6-766F-40CF-B423-D0A308E69AA3}.Release|Mixed Platforms.ActiveCfg = Release|Any CPU
		{3F8E25F6-766F-40CF-B423-D0A308E69AA3}.Release|Mixed Platforms.Build.0 = Release|Any CPU
		{3F8E25F6-766F-40CF-B423-D0A308E69AA3}.Release|x86.ActiveCfg = Release|Any CPU
	EndGlobalSection
	GlobalSection(SolutionProperties) = preSolution
		HideSolutionNode = FALSE
	EndGlobalSection
EndGlobal
